
Microsoft Visual Studio Solution File, Format Version 12.00
# Visual Studio Version 17
VisualStudioVersion = 17.13.35605.110 d17.13
MinimumVisualStudioVersion = 10.0.40219.1
Project("{FAE04EC0-301F-11D3-BF4B-00C04F79EFBC}") = "EntraIDGroupAssignQueuefunc", "EntraIDGroupAssignQueuefunc\EntraIDGroupAssignQueuefunc.csproj", "{D625F51D-A9F4-4190-A2CE-09CCA448071C}"
EndProject
Project("{FAE04EC0-301F-11D3-BF4B-00C04F79EFBC}") = "EntraIDGroupAssignTimerFunc", "EntraIDGroupAssignTimerFunc\EntraIDGroupAssignTimerFunc.csproj", "{606DBE21-ED60-486E-A685-B62205AE195F}"
EndProject
Global
	GlobalSection(SolutionConfigurationPlatforms) = preSolution
		Debug|Any CPU = Debug|Any CPU
		Release|Any CPU = Release|Any CPU
	EndGlobalSection
	GlobalSection(ProjectConfigurationPlatforms) = postSolution
		{D625F51D-A9F4-4190-A2CE-09CCA448071C}.Debug|Any CPU.ActiveCfg = Debug|Any CPU
		{D625F51D-A9F4-4190-A2CE-09CCA448071C}.Debug|Any CPU.Build.0 = Debug|Any CPU
		{D625F51D-A9F4-4190-A2CE-09CCA448071C}.Release|Any CPU.ActiveCfg = Release|Any CPU
		{D625F51D-A9F4-4190-A2CE-09CCA448071C}.Release|Any CPU.Build.0 = Release|Any CPU
		{606DBE21-ED60-486E-A685-B62205AE195F}.Debug|Any CPU.ActiveCfg = Debug|Any CPU
		{606DBE21-ED60-486E-A685-B62205AE195F}.Debug|Any CPU.Build.0 = Debug|Any CPU
		{606DBE21-ED60-486E-A685-B62205AE195F}.Release|Any CPU.ActiveCfg = Release|Any CPU
		{606DBE21-ED60-486E-A685-B62205AE195F}.Release|Any CPU.Build.0 = Release|Any CPU
	EndGlobalSection
	GlobalSection(SolutionProperties) = preSolution
		HideSolutionNode = FALSE
	EndGlobalSection
	GlobalSection(ExtensibilityGlobals) = postSolution
		SolutionGuid = {CDF33DBE-1F55-49A5-8AC2-FE951BA12575}
	EndGlobalSection
EndGlobal
